
Microsoft Visual Studio Solution File, Format Version 12.00
# Visual Studio Version 17
VisualStudioVersion = 17.2.32630.192
MinimumVisualStudioVersion = 10.0.40219.1
Project("{FAE04EC0-301F-11D3-BF4B-00C04F79EFBC}") = "ReactTest", "ReactTest\ReactTest.csproj", "{2EA4B22E-8B96-45E8-AE27-E425ECED9BC1}"
EndProject
Global
	GlobalSection(SolutionConfigurationPlatforms) = preSolution
		Debug|Any CPU = Debug|Any CPU
		Release|Any CPU = Release|Any CPU
	EndGlobalSection
	GlobalSection(ProjectConfigurationPlatforms) = postSolution
		{2EA4B22E-8B96-45E8-AE27-E425ECED9BC1}.Debug|Any CPU.ActiveCfg = Debug|Any CPU
		{2EA4B22E-8B96-45E8-AE27-E425ECED9BC1}.Debug|Any CPU.Build.0 = Debug|Any CPU
		{2EA4B22E-8B96-45E8-AE27-E425ECED9BC1}.Release|Any CPU.ActiveCfg = Release|Any CPU
		{2EA4B22E-8B96-45E8-AE27-E425ECED9BC1}.Release|Any CPU.Build.0 = Release|Any CPU
	EndGlobalSection
	GlobalSection(SolutionProperties) = preSolution
		HideSolutionNode = FALSE
	EndGlobalSection
	GlobalSection(ExtensibilityGlobals) = postSolution
		SolutionGuid = {6D3711EF-EF36-4505-B29C-251762F7CC73}
	EndGlobalSection
EndGlobal
